
Microsoft Visual Studio Solution File, Format Version 12.00
# Visual Studio Version 17
VisualStudioVersion = 17.5.33414.496
MinimumVisualStudioVersion = 10.0.40219.1
Project("{FAE04EC0-301F-11D3-BF4B-00C04F79EFBC}") = "test", "test\test.csproj", "{E8E10484-4443-4A90-829F-B5E52A032134}"
EndProject
Global
	GlobalSection(SolutionConfigurationPlatforms) = preSolution
		Debug|Any CPU = Debug|Any CPU
		Release|Any CPU = Release|Any CPU
	EndGlobalSection
	GlobalSection(ProjectConfigurationPlatforms) = postSolution
		{E8E10484-4443-4A90-829F-B5E52A032134}.Debug|Any CPU.ActiveCfg = Debug|Any CPU
		{E8E10484-4443-4A90-829F-B5E52A032134}.Debug|Any CPU.Build.0 = Debug|Any CPU
		{E8E10484-4443-4A90-829F-B5E52A032134}.Release|Any CPU.ActiveCfg = Release|Any CPU
		{E8E10484-4443-4A90-829F-B5E52A032134}.Release|Any CPU.Build.0 = Release|Any CPU
	EndGlobalSection
	GlobalSection(SolutionProperties) = preSolution
		HideSolutionNode = FALSE
	EndGlobalSection
	GlobalSection(ExtensibilityGlobals) = postSolution
		SolutionGuid = {3730A5FF-E9EA-4C0B-BEEC-0716E9FE6C08}
	EndGlobalSection
EndGlobal
